
Microsoft Visual Studio Solution File, Format Version 12.00
# Visual Studio Version 17
VisualStudioVersion = 17.1.32421.90
MinimumVisualStudioVersion = 10.0.40219.1
Project("{FAE04EC0-301F-11D3-BF4B-00C04F79EFBC}") = "VeriftEmailForgetPassword", "VeriftEmailForgetPassword.csproj", "{4F150F05-FC25-4CB1-87F7-EDDA499F91BC}"
EndProject
Global
	GlobalSection(SolutionConfigurationPlatforms) = preSolution
		Debug|Any CPU = Debug|Any CPU
		Release|Any CPU = Release|Any CPU
	EndGlobalSection
	GlobalSection(ProjectConfigurationPlatforms) = postSolution
		{4F150F05-FC25-4CB1-87F7-EDDA499F91BC}.Debug|Any CPU.ActiveCfg = Debug|Any CPU
		{4F150F05-FC25-4CB1-87F7-EDDA499F91BC}.Debug|Any CPU.Build.0 = Debug|Any CPU
		{4F150F05-FC25-4CB1-87F7-EDDA499F91BC}.Release|Any CPU.ActiveCfg = Release|Any CPU
		{4F150F05-FC25-4CB1-87F7-EDDA499F91BC}.Release|Any CPU.Build.0 = Release|Any CPU
	EndGlobalSection
	GlobalSection(SolutionProperties) = preSolution
		HideSolutionNode = FALSE
	EndGlobalSection
	GlobalSection(ExtensibilityGlobals) = postSolution
		SolutionGuid = {D4AAB700-2748-4A7E-BB17-EB7FA05C92F2}
	EndGlobalSection
EndGlobal
